{
  "name": "virtualPhotobooth",
  "lockfileVersion": 3,
  "requires": true,
  "packages": {
    "": {
      "dependencies": {
        "backend": "file:.."
      }
    },
    "..": {
      "version": "1.0.0",
      "license": "ISC",
      "dependencies": {
        "body-parser": "^1.20.3",
        "connect-mongo": "^5.1.0",
        "cors": "^2.8.5",
        "dotenv": "^16.4.5",
        "express": "^4.21.1",
        "express-session": "^1.18.1",
        "mongodb": "^6.10.0",
        "mongoose": "^8.8.0",
        "multer": "^1.4.5-lts.1",
        "nodemailer": "^6.9.16",
        "nodemon": "^3.1.7",
        "sharp": "^0.33.5"
      }
    },
    "node_modules/backend": {
      "resolved": "..",
      "link": true
    }
  }
}
